
Microsoft Visual Studio Solution File, Format Version 12.00
# Visual Studio 15
VisualStudioVersion = 15.0.28307.168
MinimumVisualStudioVersion = 10.0.40219.1
Project("{FAE04EC0-301F-11D3-BF4B-00C04F79EFBC}") = "ImageCrop", "ImageCrop\ImageCrop.csproj", "{75F8B156-AE03-4A00-9858-8D4183B208D3}"
EndProject
Global
	GlobalSection(SolutionConfigurationPlatforms) = preSolution
		Debug|Any CPU = Debug|Any CPU
		Release|Any CPU = Release|Any CPU
	EndGlobalSection
	GlobalSection(ProjectConfigurationPlatforms) = postSolution
		{75F8B156-AE03-4A00-9858-8D4183B208D3}.Debug|Any CPU.ActiveCfg = Debug|Any CPU
		{75F8B156-AE03-4A00-9858-8D4183B208D3}.Debug|Any CPU.Build.0 = Debug|Any CPU
		{75F8B156-AE03-4A00-9858-8D4183B208D3}.Release|Any CPU.ActiveCfg = Release|Any CPU
		{75F8B156-AE03-4A00-9858-8D4183B208D3}.Release|Any CPU.Build.0 = Release|Any CPU
	EndGlobalSection
	GlobalSection(SolutionProperties) = preSolution
		HideSolutionNode = FALSE
	EndGlobalSection
	GlobalSection(ExtensibilityGlobals) = postSolution
		SolutionGuid = {0C0D947D-11E8-48A1-AFFA-6D1423760C11}
	EndGlobalSection
EndGlobal
